
Microsoft Visual Studio Solution File, Format Version 12.00
# Visual Studio Version 17
VisualStudioVersion = 17.0.31919.166
MinimumVisualStudioVersion = 10.0.40219.1
Project("{FAE04EC0-301F-11D3-BF4B-00C04F79EFBC}") = "BT7", "BT7\BT7.csproj", "{00492C60-1B4C-4D50-B163-BE1894E3227E}"
EndProject
Global
	GlobalSection(SolutionConfigurationPlatforms) = preSolution
		Debug|Any CPU = Debug|Any CPU
		Release|Any CPU = Release|Any CPU
	EndGlobalSection
	GlobalSection(ProjectConfigurationPlatforms) = postSolution
		{00492C60-1B4C-4D50-B163-BE1894E3227E}.Debug|Any CPU.ActiveCfg = Debug|Any CPU
		{00492C60-1B4C-4D50-B163-BE1894E3227E}.Debug|Any CPU.Build.0 = Debug|Any CPU
		{00492C60-1B4C-4D50-B163-BE1894E3227E}.Release|Any CPU.ActiveCfg = Release|Any CPU
		{00492C60-1B4C-4D50-B163-BE1894E3227E}.Release|Any CPU.Build.0 = Release|Any CPU
	EndGlobalSection
	GlobalSection(SolutionProperties) = preSolution
		HideSolutionNode = FALSE
	EndGlobalSection
	GlobalSection(ExtensibilityGlobals) = postSolution
		SolutionGuid = {6F097A67-3980-4D1A-9276-E8B4BCF05375}
	EndGlobalSection
EndGlobal
