
Microsoft Visual Studio Solution File, Format Version 12.00
# Visual Studio Version 17
VisualStudioVersion = 17.0.31919.166
MinimumVisualStudioVersion = 10.0.40219.1
Project("{FAE04EC0-301F-11D3-BF4B-00C04F79EFBC}") = "BT2", "BT2\BT2.csproj", "{BFD46D22-5791-4F04-B6F6-1714C23D85A4}"
EndProject
Global
	GlobalSection(SolutionConfigurationPlatforms) = preSolution
		Debug|Any CPU = Debug|Any CPU
		Release|Any CPU = Release|Any CPU
	EndGlobalSection
	GlobalSection(ProjectConfigurationPlatforms) = postSolution
		{BFD46D22-5791-4F04-B6F6-1714C23D85A4}.Debug|Any CPU.ActiveCfg = Debug|Any CPU
		{BFD46D22-5791-4F04-B6F6-1714C23D85A4}.Debug|Any CPU.Build.0 = Debug|Any CPU
		{BFD46D22-5791-4F04-B6F6-1714C23D85A4}.Release|Any CPU.ActiveCfg = Release|Any CPU
		{BFD46D22-5791-4F04-B6F6-1714C23D85A4}.Release|Any CPU.Build.0 = Release|Any CPU
	EndGlobalSection
	GlobalSection(SolutionProperties) = preSolution
		HideSolutionNode = FALSE
	EndGlobalSection
	GlobalSection(ExtensibilityGlobals) = postSolution
		SolutionGuid = {3CCF06F7-325E-4326-AD98-C892406DC29E}
	EndGlobalSection
EndGlobal
