
Microsoft Visual Studio Solution File, Format Version 12.00
# Visual Studio Version 17
VisualStudioVersion = 17.0.31919.166
MinimumVisualStudioVersion = 10.0.40219.1
Project("{FAE04EC0-301F-11D3-BF4B-00C04F79EFBC}") = "Cộng Lũy Thừa", "Cộng Lũy Thừa\Cộng Lũy Thừa.csproj", "{D439BC48-91B8-4DC3-84AC-3810BA9E7F65}"
EndProject
Global
	GlobalSection(SolutionConfigurationPlatforms) = preSolution
		Debug|Any CPU = Debug|Any CPU
		Release|Any CPU = Release|Any CPU
	EndGlobalSection
	GlobalSection(ProjectConfigurationPlatforms) = postSolution
		{D439BC48-91B8-4DC3-84AC-3810BA9E7F65}.Debug|Any CPU.ActiveCfg = Debug|Any CPU
		{D439BC48-91B8-4DC3-84AC-3810BA9E7F65}.Debug|Any CPU.Build.0 = Debug|Any CPU
		{D439BC48-91B8-4DC3-84AC-3810BA9E7F65}.Release|Any CPU.ActiveCfg = Release|Any CPU
		{D439BC48-91B8-4DC3-84AC-3810BA9E7F65}.Release|Any CPU.Build.0 = Release|Any CPU
	EndGlobalSection
	GlobalSection(SolutionProperties) = preSolution
		HideSolutionNode = FALSE
	EndGlobalSection
	GlobalSection(ExtensibilityGlobals) = postSolution
		SolutionGuid = {F5FB5F7C-27F2-4F3E-ADAC-083A48681EDA}
	EndGlobalSection
EndGlobal
